
Microsoft Visual Studio Solution File, Format Version 12.00
# Visual Studio Version 17
VisualStudioVersion = 17.5.002.0
MinimumVisualStudioVersion = 10.0.40219.1
Project("{9A19103F-16F7-4668-BE54-9A1E7A4F7556}") = "WebAPIAutores", "WebAPIAutores.csproj", "{6C002090-D67C-4A68-868A-82F0B20BE934}"
EndProject
Global
	GlobalSection(SolutionConfigurationPlatforms) = preSolution
		Debug|Any CPU = Debug|Any CPU
		Release|Any CPU = Release|Any CPU
	EndGlobalSection
	GlobalSection(ProjectConfigurationPlatforms) = postSolution
		{6C002090-D67C-4A68-868A-82F0B20BE934}.Debug|Any CPU.ActiveCfg = Debug|Any CPU
		{6C002090-D67C-4A68-868A-82F0B20BE934}.Debug|Any CPU.Build.0 = Debug|Any CPU
		{6C002090-D67C-4A68-868A-82F0B20BE934}.Release|Any CPU.ActiveCfg = Release|Any CPU
		{6C002090-D67C-4A68-868A-82F0B20BE934}.Release|Any CPU.Build.0 = Release|Any CPU
	EndGlobalSection
	GlobalSection(SolutionProperties) = preSolution
		HideSolutionNode = FALSE
	EndGlobalSection
	GlobalSection(ExtensibilityGlobals) = postSolution
		SolutionGuid = {3EC3420E-1203-4F82-941A-B37372F60BCE}
	EndGlobalSection
EndGlobal
